{
  "name": "example",
  "version": "1.0.0",
  "lockfileVersion": 1,
  "requires": true,
  "dependencies": {
    "retypejs": {
      "version": "0.0.1",
      "resolved": "https://registry.npmjs.org/retypejs/-/retypejs-0.0.1.tgz",
      "integrity": "sha512-kQLECm3yyHBV3qBWtZT+qY2akfgDFaDPpBi88Na5j+lC2bWI+9/5CVoBe4DXsZGLPQVEd9I9P44qr1f3L5B3Yw=="
    }
  }
}
